# THIS IS AN AUTOGENERATED FILE. DO NOT EDIT THIS FILE DIRECTLY.
# yarn lockfile v1


"@nekowinston/ctp-palette@^0.1.5":
  version "0.1.5"
  resolved "https://registry.yarnpkg.com/@nekowinston/ctp-palette/-/ctp-palette-0.1.5.tgz#fea4b3deb6c1cf7cfae1b219a895ed164e12ac8b"
  integrity sha512-ABAOidob3tK87BxSnt11ti6OvIBia1gk+7hlkIZKktHhINzBp53S6kRXhwPdejjmfCyRiL456Lr3+d/Gbga3zQ==

delta-e@^0.0.8:
  version "0.0.8"
  resolved "https://registry.yarnpkg.com/delta-e/-/delta-e-0.0.8.tgz#ad2097846fb5d3f1d8aa4668005adabc8c7cffb9"
  integrity sha512-xIggbz7AoZLjwyV+BatfsKhWB1ejeh6vabM4KTJ2e7/d+TS0f7s87aUfkJ7B+MfniM6DD5VOWWlqcKXksp5mIg==

sax@^1.2.4:
  version "1.2.4"
  resolved "https://registry.yarnpkg.com/sax/-/sax-1.2.4.tgz#2816234e2378bddc4e5354fab5caa895df7100d9"
  integrity sha512-NqVDv9TpANUjFm0N8uM5GxL36UgKi9/atZw+x7YFnQ8ckwFGKrl4xX4yWtrey3UJm5nP1kUbnYgLopqWNSRhWw==

xml-js@^1.6.11:
  version "1.6.11"
  resolved "https://registry.yarnpkg.com/xml-js/-/xml-js-1.6.11.tgz#927d2f6947f7f1c19a316dd8eea3614e8b18f8e9"
  integrity sha512-7rVi2KMfwfWFl+GpPg6m80IVMWXLRjO+PxTq7V2CDhoGak0wzYzFgUY2m4XJ47OGdXd8eLE8EmwfAmdjw7lC1g==
  dependencies:
    sax "^1.2.4"
